
Microsoft Visual Studio Solution File, Format Version 12.00
# Visual Studio Version 17
VisualStudioVersion = 17.3.32901.215
MinimumVisualStudioVersion = 10.0.40219.1
Project("{FAE04EC0-301F-11D3-BF4B-00C04F79EFBC}") = "MM2Buddy", "MM2Buddy.csproj", "{7A3D29D7-B8B6-4693-BECC-AF1199891F25}"
EndProject
Global
	GlobalSection(SolutionConfigurationPlatforms) = preSolution
		Debug|Any CPU = Debug|Any CPU
		Release|Any CPU = Release|Any CPU
	EndGlobalSection
	GlobalSection(ProjectConfigurationPlatforms) = postSolution
		{7A3D29D7-B8B6-4693-BECC-AF1199891F25}.Debug|Any CPU.ActiveCfg = Debug|Any CPU
		{7A3D29D7-B8B6-4693-BECC-AF1199891F25}.Debug|Any CPU.Build.0 = Debug|Any CPU
		{7A3D29D7-B8B6-4693-BECC-AF1199891F25}.Release|Any CPU.ActiveCfg = Release|Any CPU
		{7A3D29D7-B8B6-4693-BECC-AF1199891F25}.Release|Any CPU.Build.0 = Release|Any CPU
	EndGlobalSection
	GlobalSection(SolutionProperties) = preSolution
		HideSolutionNode = FALSE
	EndGlobalSection
	GlobalSection(ExtensibilityGlobals) = postSolution
		SolutionGuid = {2D281252-77D4-4562-8CA0-BFDE93E7CE06}
	EndGlobalSection
EndGlobal
